
Microsoft Visual Studio Solution File, Format Version 12.00
# Visual Studio Version 16
VisualStudioVersion = 16.0.30204.135
MinimumVisualStudioVersion = 10.0.40219.1
Project("{8BC9CEB8-8B4A-11D0-8D11-00A0C91BC942}") = "bdebug", "bdebug\bdebug.vcxproj", "{D5419BF3-1EA7-40E8-B227-EE7BF74D13B9}"
	ProjectSection(ProjectDependencies) = postProject
		{059D8B02-2297-4DB6-BD25-C697F090AD5C} = {059D8B02-2297-4DB6-BD25-C697F090AD5C}
		{52C20C6B-F093-42EC-B8AE-1A6B37DF705A} = {52C20C6B-F093-42EC-B8AE-1A6B37DF705A}
		{53B6579C-B96A-39D0-B318-3BB2FD8F2675} = {53B6579C-B96A-39D0-B318-3BB2FD8F2675}
		{AD7B37A3-28F3-492C-B4B0-B7B044F68716} = {AD7B37A3-28F3-492C-B4B0-B7B044F68716}
		{DF0315BE-5316-42D2-B836-7DF48C19D274} = {DF0315BE-5316-42D2-B836-7DF48C19D274}
		{11472BD2-3AC9-4DC0-9E80-BD55A2F2B6A8} = {11472BD2-3AC9-4DC0-9E80-BD55A2F2B6A8}
		{B50542E1-9B67-4835-B859-E2365B3B782A} = {B50542E1-9B67-4835-B859-E2365B3B782A}
	EndProjectSection
EndProject
Project("{8BC9CEB8-8B4A-11D0-8D11-00A0C91BC942}") = "ElfReader", "ElfReader\ElfReader.vcxproj", "{B50542E1-9B67-4835-B859-E2365B3B782A}"
EndProject
Project("{8BC9CEB8-8B4A-11D0-8D11-00A0C91BC942}") = "Platform", "Platform\Platform.vcxproj", "{11472BD2-3AC9-4DC0-9E80-BD55A2F2B6A8}"
EndProject
Project("{8BC9CEB8-8B4A-11D0-8D11-00A0C91BC942}") = "LogFIle", "LogFile\LogFIle.vcxproj", "{059D8B02-2297-4DB6-BD25-C697F090AD5C}"
EndProject
Project("{8BC9CEB8-8B4A-11D0-8D11-00A0C91BC942}") = "DebugBackend", "DebugBackend\DebugBackend.vcxproj", "{52C20C6B-F093-42EC-B8AE-1A6B37DF705A}"
EndProject
Project("{8BC9CEB8-8B4A-11D0-8D11-00A0C91BC942}") = "Debugger", "Debugger\Debugger.vcxproj", "{AD7B37A3-28F3-492C-B4B0-B7B044F68716}"
EndProject
Project("{8BC9CEB8-8B4A-11D0-8D11-00A0C91BC942}") = "tiny-process-library", "process-x64\tiny-process-library.vcxproj", "{53B6579C-B96A-39D0-B318-3BB2FD8F2675}"
EndProject
Project("{8BC9CEB8-8B4A-11D0-8D11-00A0C91BC942}") = "MiscUtils", "MiscUtils\MiscUtils.vcxproj", "{DF0315BE-5316-42D2-B836-7DF48C19D274}"
EndProject
Global
	GlobalSection(SolutionConfigurationPlatforms) = preSolution
		Debug|x64 = Debug|x64
		Debug|x86 = Debug|x86
		MinSizeRel|x64 = MinSizeRel|x64
		MinSizeRel|x86 = MinSizeRel|x86
		Release|x64 = Release|x64
		Release|x86 = Release|x86
		RelWithDebInfo|x64 = RelWithDebInfo|x64
		RelWithDebInfo|x86 = RelWithDebInfo|x86
	EndGlobalSection
	GlobalSection(ProjectConfigurationPlatforms) = postSolution
		{D5419BF3-1EA7-40E8-B227-EE7BF74D13B9}.Debug|x64.ActiveCfg = Debug|x64
		{D5419BF3-1EA7-40E8-B227-EE7BF74D13B9}.Debug|x64.Build.0 = Debug|x64
		{D5419BF3-1EA7-40E8-B227-EE7BF74D13B9}.Debug|x86.ActiveCfg = Debug|Win32
		{D5419BF3-1EA7-40E8-B227-EE7BF74D13B9}.Debug|x86.Build.0 = Debug|Win32
		{D5419BF3-1EA7-40E8-B227-EE7BF74D13B9}.MinSizeRel|x64.ActiveCfg = Release|x64
		{D5419BF3-1EA7-40E8-B227-EE7BF74D13B9}.MinSizeRel|x64.Build.0 = Release|x64
		{D5419BF3-1EA7-40E8-B227-EE7BF74D13B9}.MinSizeRel|x86.ActiveCfg = Release|Win32
		{D5419BF3-1EA7-40E8-B227-EE7BF74D13B9}.MinSizeRel|x86.Build.0 = Release|Win32
		{D5419BF3-1EA7-40E8-B227-EE7BF74D13B9}.Release|x64.ActiveCfg = Release|x64
		{D5419BF3-1EA7-40E8-B227-EE7BF74D13B9}.Release|x64.Build.0 = Release|x64
		{D5419BF3-1EA7-40E8-B227-EE7BF74D13B9}.Release|x86.ActiveCfg = Release|Win32
		{D5419BF3-1EA7-40E8-B227-EE7BF74D13B9}.Release|x86.Build.0 = Release|Win32
		{D5419BF3-1EA7-40E8-B227-EE7BF74D13B9}.RelWithDebInfo|x64.ActiveCfg = Release|x64
		{D5419BF3-1EA7-40E8-B227-EE7BF74D13B9}.RelWithDebInfo|x64.Build.0 = Release|x64
		{D5419BF3-1EA7-40E8-B227-EE7BF74D13B9}.RelWithDebInfo|x86.ActiveCfg = Release|Win32
		{D5419BF3-1EA7-40E8-B227-EE7BF74D13B9}.RelWithDebInfo|x86.Build.0 = Release|Win32
		{B50542E1-9B67-4835-B859-E2365B3B782A}.Debug|x64.ActiveCfg = Debug|x64
		{B50542E1-9B67-4835-B859-E2365B3B782A}.Debug|x64.Build.0 = Debug|x64
		{B50542E1-9B67-4835-B859-E2365B3B782A}.Debug|x86.ActiveCfg = Debug|Win32
		{B50542E1-9B67-4835-B859-E2365B3B782A}.Debug|x86.Build.0 = Debug|Win32
		{B50542E1-9B67-4835-B859-E2365B3B782A}.MinSizeRel|x64.ActiveCfg = Release|x64
		{B50542E1-9B67-4835-B859-E2365B3B782A}.MinSizeRel|x64.Build.0 = Release|x64
		{B50542E1-9B67-4835-B859-E2365B3B782A}.MinSizeRel|x86.ActiveCfg = Release|Win32
		{B50542E1-9B67-4835-B859-E2365B3B782A}.MinSizeRel|x86.Build.0 = Release|Win32
		{B50542E1-9B67-4835-B859-E2365B3B782A}.Release|x64.ActiveCfg = Release|x64
		{B50542E1-9B67-4835-B859-E2365B3B782A}.Release|x64.Build.0 = Release|x64
		{B50542E1-9B67-4835-B859-E2365B3B782A}.Release|x86.ActiveCfg = Release|Win32
		{B50542E1-9B67-4835-B859-E2365B3B782A}.Release|x86.Build.0 = Release|Win32
		{B50542E1-9B67-4835-B859-E2365B3B782A}.RelWithDebInfo|x64.ActiveCfg = Release|x64
		{B50542E1-9B67-4835-B859-E2365B3B782A}.RelWithDebInfo|x64.Build.0 = Release|x64
		{B50542E1-9B67-4835-B859-E2365B3B782A}.RelWithDebInfo|x86.ActiveCfg = Release|Win32
		{B50542E1-9B67-4835-B859-E2365B3B782A}.RelWithDebInfo|x86.Build.0 = Release|Win32
		{11472BD2-3AC9-4DC0-9E80-BD55A2F2B6A8}.Debug|x64.ActiveCfg = Debug|x64
		{11472BD2-3AC9-4DC0-9E80-BD55A2F2B6A8}.Debug|x64.Build.0 = Debug|x64
		{11472BD2-3AC9-4DC0-9E80-BD55A2F2B6A8}.Debug|x86.ActiveCfg = Debug|Win32
		{11472BD2-3AC9-4DC0-9E80-BD55A2F2B6A8}.Debug|x86.Build.0 = Debug|Win32
		{11472BD2-3AC9-4DC0-9E80-BD55A2F2B6A8}.MinSizeRel|x64.ActiveCfg = Release|x64
		{11472BD2-3AC9-4DC0-9E80-BD55A2F2B6A8}.MinSizeRel|x64.Build.0 = Release|x64
		{11472BD2-3AC9-4DC0-9E80-BD55A2F2B6A8}.MinSizeRel|x86.ActiveCfg = Release|Win32
		{11472BD2-3AC9-4DC0-9E80-BD55A2F2B6A8}.MinSizeRel|x86.Build.0 = Release|Win32
		{11472BD2-3AC9-4DC0-9E80-BD55A2F2B6A8}.Release|x64.ActiveCfg = Release|x64
		{11472BD2-3AC9-4DC0-9E80-BD55A2F2B6A8}.Release|x64.Build.0 = Release|x64
		{11472BD2-3AC9-4DC0-9E80-BD55A2F2B6A8}.Release|x86.ActiveCfg = Release|Win32
		{11472BD2-3AC9-4DC0-9E80-BD55A2F2B6A8}.Release|x86.Build.0 = Release|Win32
		{11472BD2-3AC9-4DC0-9E80-BD55A2F2B6A8}.RelWithDebInfo|x64.ActiveCfg = Release|x64
		{11472BD2-3AC9-4DC0-9E80-BD55A2F2B6A8}.RelWithDebInfo|x64.Build.0 = Release|x64
		{11472BD2-3AC9-4DC0-9E80-BD55A2F2B6A8}.RelWithDebInfo|x86.ActiveCfg = Release|Win32
		{11472BD2-3AC9-4DC0-9E80-BD55A2F2B6A8}.RelWithDebInfo|x86.Build.0 = Release|Win32
		{059D8B02-2297-4DB6-BD25-C697F090AD5C}.Debug|x64.ActiveCfg = Debug|x64
		{059D8B02-2297-4DB6-BD25-C697F090AD5C}.Debug|x64.Build.0 = Debug|x64
		{059D8B02-2297-4DB6-BD25-C697F090AD5C}.Debug|x86.ActiveCfg = Debug|Win32
		{059D8B02-2297-4DB6-BD25-C697F090AD5C}.Debug|x86.Build.0 = Debug|Win32
		{059D8B02-2297-4DB6-BD25-C697F090AD5C}.MinSizeRel|x64.ActiveCfg = Release|x64
		{059D8B02-2297-4DB6-BD25-C697F090AD5C}.MinSizeRel|x64.Build.0 = Release|x64
		{059D8B02-2297-4DB6-BD25-C697F090AD5C}.MinSizeRel|x86.ActiveCfg = Release|Win32
		{059D8B02-2297-4DB6-BD25-C697F090AD5C}.MinSizeRel|x86.Build.0 = Release|Win32
		{059D8B02-2297-4DB6-BD25-C697F090AD5C}.Release|x64.ActiveCfg = Release|x64
		{059D8B02-2297-4DB6-BD25-C697F090AD5C}.Release|x64.Build.0 = Release|x64
		{059D8B02-2297-4DB6-BD25-C697F090AD5C}.Release|x86.ActiveCfg = Release|Win32
		{059D8B02-2297-4DB6-BD25-C697F090AD5C}.Release|x86.Build.0 = Release|Win32
		{059D8B02-2297-4DB6-BD25-C697F090AD5C}.RelWithDebInfo|x64.ActiveCfg = Release|x64
		{059D8B02-2297-4DB6-BD25-C697F090AD5C}.RelWithDebInfo|x64.Build.0 = Release|x64
		{059D8B02-2297-4DB6-BD25-C697F090AD5C}.RelWithDebInfo|x86.ActiveCfg = Release|Win32
		{059D8B02-2297-4DB6-BD25-C697F090AD5C}.RelWithDebInfo|x86.Build.0 = Release|Win32
		{52C20C6B-F093-42EC-B8AE-1A6B37DF705A}.Debug|x64.ActiveCfg = Debug|x64
		{52C20C6B-F093-42EC-B8AE-1A6B37DF705A}.Debug|x64.Build.0 = Debug|x64
		{52C20C6B-F093-42EC-B8AE-1A6B37DF705A}.Debug|x86.ActiveCfg = Debug|Win32
		{52C20C6B-F093-42EC-B8AE-1A6B37DF705A}.Debug|x86.Build.0 = Debug|Win32
		{52C20C6B-F093-42EC-B8AE-1A6B37DF705A}.MinSizeRel|x64.ActiveCfg = Release|x64
		{52C20C6B-F093-42EC-B8AE-1A6B37DF705A}.MinSizeRel|x64.Build.0 = Release|x64
		{52C20C6B-F093-42EC-B8AE-1A6B37DF705A}.MinSizeRel|x86.ActiveCfg = Release|Win32
		{52C20C6B-F093-42EC-B8AE-1A6B37DF705A}.MinSizeRel|x86.Build.0 = Release|Win32
		{52C20C6B-F093-42EC-B8AE-1A6B37DF705A}.Release|x64.ActiveCfg = Release|x64
		{52C20C6B-F093-42EC-B8AE-1A6B37DF705A}.Release|x64.Build.0 = Release|x64
		{52C20C6B-F093-42EC-B8AE-1A6B37DF705A}.Release|x86.ActiveCfg = Release|Win32
		{52C20C6B-F093-42EC-B8AE-1A6B37DF705A}.Release|x86.Build.0 = Release|Win32
		{52C20C6B-F093-42EC-B8AE-1A6B37DF705A}.RelWithDebInfo|x64.ActiveCfg = Release|x64
		{52C20C6B-F093-42EC-B8AE-1A6B37DF705A}.RelWithDebInfo|x64.Build.0 = Release|x64
		{52C20C6B-F093-42EC-B8AE-1A6B37DF705A}.RelWithDebInfo|x86.ActiveCfg = Release|Win32
		{52C20C6B-F093-42EC-B8AE-1A6B37DF705A}.RelWithDebInfo|x86.Build.0 = Release|Win32
		{AD7B37A3-28F3-492C-B4B0-B7B044F68716}.Debug|x64.ActiveCfg = Debug|x64
		{AD7B37A3-28F3-492C-B4B0-B7B044F68716}.Debug|x64.Build.0 = Debug|x64
		{AD7B37A3-28F3-492C-B4B0-B7B044F68716}.Debug|x86.ActiveCfg = Debug|Win32
		{AD7B37A3-28F3-492C-B4B0-B7B044F68716}.Debug|x86.Build.0 = Debug|Win32
		{AD7B37A3-28F3-492C-B4B0-B7B044F68716}.MinSizeRel|x64.ActiveCfg = Release|x64
		{AD7B37A3-28F3-492C-B4B0-B7B044F68716}.MinSizeRel|x64.Build.0 = Release|x64
		{AD7B37A3-28F3-492C-B4B0-B7B044F68716}.MinSizeRel|x86.ActiveCfg = Release|Win32
		{AD7B37A3-28F3-492C-B4B0-B7B044F68716}.MinSizeRel|x86.Build.0 = Release|Win32
		{AD7B37A3-28F3-492C-B4B0-B7B044F68716}.Release|x64.ActiveCfg = Release|x64
		{AD7B37A3-28F3-492C-B4B0-B7B044F68716}.Release|x64.Build.0 = Release|x64
		{AD7B37A3-28F3-492C-B4B0-B7B044F68716}.Release|x86.ActiveCfg = Release|Win32
		{AD7B37A3-28F3-492C-B4B0-B7B044F68716}.Release|x86.Build.0 = Release|Win32
		{AD7B37A3-28F3-492C-B4B0-B7B044F68716}.RelWithDebInfo|x64.ActiveCfg = Release|x64
		{AD7B37A3-28F3-492C-B4B0-B7B044F68716}.RelWithDebInfo|x64.Build.0 = Release|x64
		{AD7B37A3-28F3-492C-B4B0-B7B044F68716}.RelWithDebInfo|x86.ActiveCfg = Release|Win32
		{AD7B37A3-28F3-492C-B4B0-B7B044F68716}.RelWithDebInfo|x86.Build.0 = Release|Win32
		{53B6579C-B96A-39D0-B318-3BB2FD8F2675}.Debug|x64.ActiveCfg = Debug|x64
		{53B6579C-B96A-39D0-B318-3BB2FD8F2675}.Debug|x64.Build.0 = Debug|x64
		{53B6579C-B96A-39D0-B318-3BB2FD8F2675}.Debug|x86.ActiveCfg = Debug|x64
		{53B6579C-B96A-39D0-B318-3BB2FD8F2675}.MinSizeRel|x64.ActiveCfg = MinSizeRel|x64
		{53B6579C-B96A-39D0-B318-3BB2FD8F2675}.MinSizeRel|x64.Build.0 = MinSizeRel|x64
		{53B6579C-B96A-39D0-B318-3BB2FD8F2675}.MinSizeRel|x86.ActiveCfg = MinSizeRel|x64
		{53B6579C-B96A-39D0-B318-3BB2FD8F2675}.Release|x64.ActiveCfg = Release|x64
		{53B6579C-B96A-39D0-B318-3BB2FD8F2675}.Release|x64.Build.0 = Release|x64
		{53B6579C-B96A-39D0-B318-3BB2FD8F2675}.Release|x86.ActiveCfg = Release|x64
		{53B6579C-B96A-39D0-B318-3BB2FD8F2675}.RelWithDebInfo|x64.ActiveCfg = RelWithDebInfo|x64
		{53B6579C-B96A-39D0-B318-3BB2FD8F2675}.RelWithDebInfo|x64.Build.0 = RelWithDebInfo|x64
		{53B6579C-B96A-39D0-B318-3BB2FD8F2675}.RelWithDebInfo|x86.ActiveCfg = RelWithDebInfo|x64
		{DF0315BE-5316-42D2-B836-7DF48C19D274}.Debug|x64.ActiveCfg = Debug|x64
		{DF0315BE-5316-42D2-B836-7DF48C19D274}.Debug|x64.Build.0 = Debug|x64
		{DF0315BE-5316-42D2-B836-7DF48C19D274}.Debug|x86.ActiveCfg = Debug|Win32
		{DF0315BE-5316-42D2-B836-7DF48C19D274}.Debug|x86.Build.0 = Debug|Win32
		{DF0315BE-5316-42D2-B836-7DF48C19D274}.MinSizeRel|x64.ActiveCfg = Release|x64
		{DF0315BE-5316-42D2-B836-7DF48C19D274}.MinSizeRel|x64.Build.0 = Release|x64
		{DF0315BE-5316-42D2-B836-7DF48C19D274}.MinSizeRel|x86.ActiveCfg = Release|Win32
		{DF0315BE-5316-42D2-B836-7DF48C19D274}.MinSizeRel|x86.Build.0 = Release|Win32
		{DF0315BE-5316-42D2-B836-7DF48C19D274}.Release|x64.ActiveCfg = Release|x64
		{DF0315BE-5316-42D2-B836-7DF48C19D274}.Release|x64.Build.0 = Release|x64
		{DF0315BE-5316-42D2-B836-7DF48C19D274}.Release|x86.ActiveCfg = Release|Win32
		{DF0315BE-5316-42D2-B836-7DF48C19D274}.Release|x86.Build.0 = Release|Win32
		{DF0315BE-5316-42D2-B836-7DF48C19D274}.RelWithDebInfo|x64.ActiveCfg = Release|x64
		{DF0315BE-5316-42D2-B836-7DF48C19D274}.RelWithDebInfo|x64.Build.0 = Release|x64
		{DF0315BE-5316-42D2-B836-7DF48C19D274}.RelWithDebInfo|x86.ActiveCfg = Release|Win32
		{DF0315BE-5316-42D2-B836-7DF48C19D274}.RelWithDebInfo|x86.Build.0 = Release|Win32
	EndGlobalSection
	GlobalSection(SolutionProperties) = preSolution
		HideSolutionNode = FALSE
	EndGlobalSection
	GlobalSection(ExtensibilityGlobals) = postSolution
		SolutionGuid = {41DA09AC-4DCC-485D-883B-779353506467}
	EndGlobalSection
EndGlobal
