
Microsoft Visual Studio Solution File, Format Version 12.00
# Visual Studio Version 16
Project("{8BC9CEB8-8B4A-11D0-8D11-00A0C91BC942}") = "ALL_BUILD", "ALL_BUILD.vcxproj", "{F2DAFD78-4359-30DB-A38D-8E3AECF2BE93}"
	ProjectSection(ProjectDependencies) = postProject
		{7A3C8B91-23AD-3D11-8D73-66D896291F40} = {7A3C8B91-23AD-3D11-8D73-66D896291F40}
		{B8BCABC3-CA57-3FF2-AB59-3A252B72003F} = {B8BCABC3-CA57-3FF2-AB59-3A252B72003F}
		{A71E313A-AEE2-323E-B923-2338D4E6B520} = {A71E313A-AEE2-323E-B923-2338D4E6B520}
		{A4F45344-8437-3CB9-935A-2AAEE4555F45} = {A4F45344-8437-3CB9-935A-2AAEE4555F45}
		{D016F978-9046-3393-BC10-45EA87487FA6} = {D016F978-9046-3393-BC10-45EA87487FA6}
		{53B6579C-B96A-39D0-B318-3BB2FD8F2675} = {53B6579C-B96A-39D0-B318-3BB2FD8F2675}
	EndProjectSection
EndProject
Project("{8BC9CEB8-8B4A-11D0-8D11-00A0C91BC942}") = "INSTALL", "INSTALL.vcxproj", "{F88EB73A-7E3A-358D-8770-2CA30C56BC08}"
	ProjectSection(ProjectDependencies) = postProject
		{F2DAFD78-4359-30DB-A38D-8E3AECF2BE93} = {F2DAFD78-4359-30DB-A38D-8E3AECF2BE93}
		{7A3C8B91-23AD-3D11-8D73-66D896291F40} = {7A3C8B91-23AD-3D11-8D73-66D896291F40}
	EndProjectSection
EndProject
Project("{8BC9CEB8-8B4A-11D0-8D11-00A0C91BC942}") = "RUN_TESTS", "RUN_TESTS.vcxproj", "{48FBF665-554B-3370-9A8A-8CC76E37D9A0}"
	ProjectSection(ProjectDependencies) = postProject
		{7A3C8B91-23AD-3D11-8D73-66D896291F40} = {7A3C8B91-23AD-3D11-8D73-66D896291F40}
	EndProjectSection
EndProject
Project("{8BC9CEB8-8B4A-11D0-8D11-00A0C91BC942}") = "ZERO_CHECK", "ZERO_CHECK.vcxproj", "{7A3C8B91-23AD-3D11-8D73-66D896291F40}"
	ProjectSection(ProjectDependencies) = postProject
	EndProjectSection
EndProject
Project("{8BC9CEB8-8B4A-11D0-8D11-00A0C91BC942}") = "examples", "examples.vcxproj", "{B8BCABC3-CA57-3FF2-AB59-3A252B72003F}"
	ProjectSection(ProjectDependencies) = postProject
		{7A3C8B91-23AD-3D11-8D73-66D896291F40} = {7A3C8B91-23AD-3D11-8D73-66D896291F40}
		{53B6579C-B96A-39D0-B318-3BB2FD8F2675} = {53B6579C-B96A-39D0-B318-3BB2FD8F2675}
	EndProjectSection
EndProject
Project("{8BC9CEB8-8B4A-11D0-8D11-00A0C91BC942}") = "io_test", "tests\io_test.vcxproj", "{A71E313A-AEE2-323E-B923-2338D4E6B520}"
	ProjectSection(ProjectDependencies) = postProject
		{7A3C8B91-23AD-3D11-8D73-66D896291F40} = {7A3C8B91-23AD-3D11-8D73-66D896291F40}
		{53B6579C-B96A-39D0-B318-3BB2FD8F2675} = {53B6579C-B96A-39D0-B318-3BB2FD8F2675}
	EndProjectSection
EndProject
Project("{8BC9CEB8-8B4A-11D0-8D11-00A0C91BC942}") = "multithread_test", "tests\multithread_test.vcxproj", "{A4F45344-8437-3CB9-935A-2AAEE4555F45}"
	ProjectSection(ProjectDependencies) = postProject
		{7A3C8B91-23AD-3D11-8D73-66D896291F40} = {7A3C8B91-23AD-3D11-8D73-66D896291F40}
		{53B6579C-B96A-39D0-B318-3BB2FD8F2675} = {53B6579C-B96A-39D0-B318-3BB2FD8F2675}
	EndProjectSection
EndProject
Project("{8BC9CEB8-8B4A-11D0-8D11-00A0C91BC942}") = "open_close_test", "tests\open_close_test.vcxproj", "{D016F978-9046-3393-BC10-45EA87487FA6}"
	ProjectSection(ProjectDependencies) = postProject
		{7A3C8B91-23AD-3D11-8D73-66D896291F40} = {7A3C8B91-23AD-3D11-8D73-66D896291F40}
		{53B6579C-B96A-39D0-B318-3BB2FD8F2675} = {53B6579C-B96A-39D0-B318-3BB2FD8F2675}
	EndProjectSection
EndProject
Project("{8BC9CEB8-8B4A-11D0-8D11-00A0C91BC942}") = "tiny-process-library", "tiny-process-library.vcxproj", "{53B6579C-B96A-39D0-B318-3BB2FD8F2675}"
	ProjectSection(ProjectDependencies) = postProject
		{7A3C8B91-23AD-3D11-8D73-66D896291F40} = {7A3C8B91-23AD-3D11-8D73-66D896291F40}
	EndProjectSection
EndProject
Global
	GlobalSection(SolutionConfigurationPlatforms) = preSolution
		Debug|x64 = Debug|x64
		Release|x64 = Release|x64
		MinSizeRel|x64 = MinSizeRel|x64
		RelWithDebInfo|x64 = RelWithDebInfo|x64
	EndGlobalSection
	GlobalSection(ProjectConfigurationPlatforms) = postSolution
		{F2DAFD78-4359-30DB-A38D-8E3AECF2BE93}.Debug|x64.ActiveCfg = Debug|x64
		{F2DAFD78-4359-30DB-A38D-8E3AECF2BE93}.Debug|x64.Build.0 = Debug|x64
		{F2DAFD78-4359-30DB-A38D-8E3AECF2BE93}.Release|x64.ActiveCfg = Release|x64
		{F2DAFD78-4359-30DB-A38D-8E3AECF2BE93}.Release|x64.Build.0 = Release|x64
		{F2DAFD78-4359-30DB-A38D-8E3AECF2BE93}.MinSizeRel|x64.ActiveCfg = MinSizeRel|x64
		{F2DAFD78-4359-30DB-A38D-8E3AECF2BE93}.MinSizeRel|x64.Build.0 = MinSizeRel|x64
		{F2DAFD78-4359-30DB-A38D-8E3AECF2BE93}.RelWithDebInfo|x64.ActiveCfg = RelWithDebInfo|x64
		{F2DAFD78-4359-30DB-A38D-8E3AECF2BE93}.RelWithDebInfo|x64.Build.0 = RelWithDebInfo|x64
		{F88EB73A-7E3A-358D-8770-2CA30C56BC08}.Debug|x64.ActiveCfg = Debug|x64
		{F88EB73A-7E3A-358D-8770-2CA30C56BC08}.Release|x64.ActiveCfg = Release|x64
		{F88EB73A-7E3A-358D-8770-2CA30C56BC08}.MinSizeRel|x64.ActiveCfg = MinSizeRel|x64
		{F88EB73A-7E3A-358D-8770-2CA30C56BC08}.RelWithDebInfo|x64.ActiveCfg = RelWithDebInfo|x64
		{48FBF665-554B-3370-9A8A-8CC76E37D9A0}.Debug|x64.ActiveCfg = Debug|x64
		{48FBF665-554B-3370-9A8A-8CC76E37D9A0}.Release|x64.ActiveCfg = Release|x64
		{48FBF665-554B-3370-9A8A-8CC76E37D9A0}.MinSizeRel|x64.ActiveCfg = MinSizeRel|x64
		{48FBF665-554B-3370-9A8A-8CC76E37D9A0}.RelWithDebInfo|x64.ActiveCfg = RelWithDebInfo|x64
		{7A3C8B91-23AD-3D11-8D73-66D896291F40}.Debug|x64.ActiveCfg = Debug|x64
		{7A3C8B91-23AD-3D11-8D73-66D896291F40}.Debug|x64.Build.0 = Debug|x64
		{7A3C8B91-23AD-3D11-8D73-66D896291F40}.Release|x64.ActiveCfg = Release|x64
		{7A3C8B91-23AD-3D11-8D73-66D896291F40}.Release|x64.Build.0 = Release|x64
		{7A3C8B91-23AD-3D11-8D73-66D896291F40}.MinSizeRel|x64.ActiveCfg = MinSizeRel|x64
		{7A3C8B91-23AD-3D11-8D73-66D896291F40}.MinSizeRel|x64.Build.0 = MinSizeRel|x64
		{7A3C8B91-23AD-3D11-8D73-66D896291F40}.RelWithDebInfo|x64.ActiveCfg = RelWithDebInfo|x64
		{7A3C8B91-23AD-3D11-8D73-66D896291F40}.RelWithDebInfo|x64.Build.0 = RelWithDebInfo|x64
		{B8BCABC3-CA57-3FF2-AB59-3A252B72003F}.Debug|x64.ActiveCfg = Debug|x64
		{B8BCABC3-CA57-3FF2-AB59-3A252B72003F}.Debug|x64.Build.0 = Debug|x64
		{B8BCABC3-CA57-3FF2-AB59-3A252B72003F}.Release|x64.ActiveCfg = Release|x64
		{B8BCABC3-CA57-3FF2-AB59-3A252B72003F}.Release|x64.Build.0 = Release|x64
		{B8BCABC3-CA57-3FF2-AB59-3A252B72003F}.MinSizeRel|x64.ActiveCfg = MinSizeRel|x64
		{B8BCABC3-CA57-3FF2-AB59-3A252B72003F}.MinSizeRel|x64.Build.0 = MinSizeRel|x64
		{B8BCABC3-CA57-3FF2-AB59-3A252B72003F}.RelWithDebInfo|x64.ActiveCfg = RelWithDebInfo|x64
		{B8BCABC3-CA57-3FF2-AB59-3A252B72003F}.RelWithDebInfo|x64.Build.0 = RelWithDebInfo|x64
		{A71E313A-AEE2-323E-B923-2338D4E6B520}.Debug|x64.ActiveCfg = Debug|x64
		{A71E313A-AEE2-323E-B923-2338D4E6B520}.Debug|x64.Build.0 = Debug|x64
		{A71E313A-AEE2-323E-B923-2338D4E6B520}.Release|x64.ActiveCfg = Release|x64
		{A71E313A-AEE2-323E-B923-2338D4E6B520}.Release|x64.Build.0 = Release|x64
		{A71E313A-AEE2-323E-B923-2338D4E6B520}.MinSizeRel|x64.ActiveCfg = MinSizeRel|x64
		{A71E313A-AEE2-323E-B923-2338D4E6B520}.MinSizeRel|x64.Build.0 = MinSizeRel|x64
		{A71E313A-AEE2-323E-B923-2338D4E6B520}.RelWithDebInfo|x64.ActiveCfg = RelWithDebInfo|x64
		{A71E313A-AEE2-323E-B923-2338D4E6B520}.RelWithDebInfo|x64.Build.0 = RelWithDebInfo|x64
		{A4F45344-8437-3CB9-935A-2AAEE4555F45}.Debug|x64.ActiveCfg = Debug|x64
		{A4F45344-8437-3CB9-935A-2AAEE4555F45}.Debug|x64.Build.0 = Debug|x64
		{A4F45344-8437-3CB9-935A-2AAEE4555F45}.Release|x64.ActiveCfg = Release|x64
		{A4F45344-8437-3CB9-935A-2AAEE4555F45}.Release|x64.Build.0 = Release|x64
		{A4F45344-8437-3CB9-935A-2AAEE4555F45}.MinSizeRel|x64.ActiveCfg = MinSizeRel|x64
		{A4F45344-8437-3CB9-935A-2AAEE4555F45}.MinSizeRel|x64.Build.0 = MinSizeRel|x64
		{A4F45344-8437-3CB9-935A-2AAEE4555F45}.RelWithDebInfo|x64.ActiveCfg = RelWithDebInfo|x64
		{A4F45344-8437-3CB9-935A-2AAEE4555F45}.RelWithDebInfo|x64.Build.0 = RelWithDebInfo|x64
		{D016F978-9046-3393-BC10-45EA87487FA6}.Debug|x64.ActiveCfg = Debug|x64
		{D016F978-9046-3393-BC10-45EA87487FA6}.Debug|x64.Build.0 = Debug|x64
		{D016F978-9046-3393-BC10-45EA87487FA6}.Release|x64.ActiveCfg = Release|x64
		{D016F978-9046-3393-BC10-45EA87487FA6}.Release|x64.Build.0 = Release|x64
		{D016F978-9046-3393-BC10-45EA87487FA6}.MinSizeRel|x64.ActiveCfg = MinSizeRel|x64
		{D016F978-9046-3393-BC10-45EA87487FA6}.MinSizeRel|x64.Build.0 = MinSizeRel|x64
		{D016F978-9046-3393-BC10-45EA87487FA6}.RelWithDebInfo|x64.ActiveCfg = RelWithDebInfo|x64
		{D016F978-9046-3393-BC10-45EA87487FA6}.RelWithDebInfo|x64.Build.0 = RelWithDebInfo|x64
		{53B6579C-B96A-39D0-B318-3BB2FD8F2675}.Debug|x64.ActiveCfg = Debug|x64
		{53B6579C-B96A-39D0-B318-3BB2FD8F2675}.Debug|x64.Build.0 = Debug|x64
		{53B6579C-B96A-39D0-B318-3BB2FD8F2675}.Release|x64.ActiveCfg = Release|x64
		{53B6579C-B96A-39D0-B318-3BB2FD8F2675}.Release|x64.Build.0 = Release|x64
		{53B6579C-B96A-39D0-B318-3BB2FD8F2675}.MinSizeRel|x64.ActiveCfg = MinSizeRel|x64
		{53B6579C-B96A-39D0-B318-3BB2FD8F2675}.MinSizeRel|x64.Build.0 = MinSizeRel|x64
		{53B6579C-B96A-39D0-B318-3BB2FD8F2675}.RelWithDebInfo|x64.ActiveCfg = RelWithDebInfo|x64
		{53B6579C-B96A-39D0-B318-3BB2FD8F2675}.RelWithDebInfo|x64.Build.0 = RelWithDebInfo|x64
	EndGlobalSection
	GlobalSection(ExtensibilityGlobals) = postSolution
		SolutionGuid = {A96A607F-3499-3F02-BE4D-266CDC0B20F6}
	EndGlobalSection
	GlobalSection(ExtensibilityAddIns) = postSolution
	EndGlobalSection
EndGlobal
